PODS:
  - app_tracking_transparency (0.0.1):
    - Flutter
  - Flutter (1.0.0)
  - integration_test (0.0.1):
    - Flutter
  - shared_preferences_foundation (0.0.1):
    - Flutter
    - FlutterMacOS
  - tapjoy_offerwall (14.2.1):
    - Flutter
    - TapjoySDK (= 14.2.1)
  - TapjoySDK (14.2.1):
    - TapjoySDK/Static (= 14.2.1)
  - TapjoySDK/Static (14.2.1)

DEPENDENCIES:
  - app_tracking_transparency (from `.symlinks/plugins/app_tracking_transparency/ios`)
  - Flutter (from `Flutter`)
  - integration_test (from `.symlinks/plugins/integration_test/ios`)
  - shared_preferences_foundation (from `.symlinks/plugins/shared_preferences_foundation/darwin`)
  - tapjoy_offerwall (from `.symlinks/plugins/tapjoy_offerwall/ios`)

SPEC REPOS:
  trunk:
    - TapjoySDK

EXTERNAL SOURCES:
  app_tracking_transparency:
    :path: ".symlinks/plugins/app_tracking_transparency/ios"
  Flutter:
    :path: Flutter
  integration_test:
    :path: ".symlinks/plugins/integration_test/ios"
  shared_preferences_foundation:
    :path: ".symlinks/plugins/shared_preferences_foundation/darwin"
  tapjoy_offerwall:
    :path: ".symlinks/plugins/tapjoy_offerwall/ios"

SPEC CHECKSUMS:
  app_tracking_transparency: e169b653478da7bb15a6c61209015378ca73e375
  Flutter: e0871f40cf51350855a761d2e70bf5af5b9b5de7
  integration_test: 252f60fa39af5e17c3aa9899d35d908a0721b573
  shared_preferences_foundation: fcdcbc04712aee1108ac7fda236f363274528f78
  tapjoy_offerwall: f2e6807028ff20c24f9f81d74013239b14cc7df0
  TapjoySDK: 419f6cb7d166c8df86c04ee4ecd950e23979e2c6

PODFILE CHECKSUM: 75bf481c825fbebadfcdc4e3be0c951734d046f4

COCOAPODS: 1.15.2
